// !$*UTF8*$!
{
	archiveVersion = 1;
	classes = {
	};
	objectVersion = 55;
	objects = {

/* Begin PBXBuildFile section */
		AFCC858F27AA086E00F3C21A /* AbsenceRecorderApp.swift in Sources */ = {isa = PBXBuildFile; fileRef = AFCC858E27AA086E00F3C21A /* AbsenceRecorderApp.swift */; };
		AFCC859127AA086E00F3C21A /* ContentView.swift in Sources */ = {isa = PBXBuildFile; fileRef = AFCC859027AA086E00F3C21A /* ContentView.swift */; };
		AFCC859327AA087500F3C21A /* Assets.xcassets in Resources */ = {isa = PBXBuildFile; fileRef = AFCC859227AA087500F3C21A /* Assets.xcassets */; };
		AFCC859627AA087500F3C21A /* Preview Assets.xcassets in Resources */ = {isa = PBXBuildFile; fileRef = AFCC859527AA087500F3C21A /* Preview Assets.xcassets */; };
		AFCC85A027AA087600F3C21A /* AbsenceRecorderTests.swift in Sources */ = {isa = PBXBuildFile; fileRef = AFCC859F27AA087600F3C21A /* AbsenceRecorderTests.swift */; };
		AFCC85AA27AA087600F3C21A /* AbsenceRecorderUITests.swift in Sources */ = {isa = PBXBuildFile; fileRef = AFCC85A927AA087600F3C21A /* AbsenceRecorderUITests.swift */; };
		AFCC85AC27AA087600F3C21A /* AbsenceRecorderUITestsLaunchTests.swift in Sources */ = {isa = PBXBuildFile; fileRef = AFCC85AB27AA087600F3C21A /* AbsenceRecorderUITestsLaunchTests.swift */; };
		AFCC85BB27AA0D1000F3C21A /* Student.swift in Sources */ = {isa = PBXBuildFile; fileRef = AFCC85BA27AA0D1000F3C21A /* Student.swift */; };
		AFCC85BD27AA0DD000F3C21A /* DivisionItem.swift in Sources */ = {isa = PBXBuildFile; fileRef = AFCC85BC27AA0DD000F3C21A /* DivisionItem.swift */; };
		AFCC85BF27AA0E0F00F3C21A /* Division.swift in Sources */ = {isa = PBXBuildFile; fileRef = AFCC85BE27AA0E0F00F3C21A /* Division.swift */; };
		AFCC85C527AA106600F3C21A /* Date.swift in Sources */ = {isa = PBXBuildFile; fileRef = AFCC85C427AA106600F3C21A /* Date.swift */; };
/* End PBXBuildFile section */

/* Begin PBXContainerItemProxy section */
		AFCC859C27AA087600F3C21A /* PBXContainerItemProxy */ = {
			isa = PBXContainerItemProxy;
			containerPortal = AFCC858327AA086E00F3C21A /* Project object */;
			proxyType = 1;
			remoteGlobalIDString = AFCC858A27AA086E00F3C21A;
			remoteInfo = AbsenceRecorder;
		};
		AFCC85A627AA087600F3C21A /* PBXContainerItemProxy */ = {
			isa = PBXContainerItemProxy;
			containerPortal = AFCC858327AA086E00F3C21A /* Project object */;
			proxyType = 1;
			remoteGlobalIDString = AFCC858A27AA086E00F3C21A;
			remoteInfo = AbsenceRecorder;
		};
/* End PBXContainerItemProxy section */

/* Begin PBXFileReference section */
		AFCC858B27AA086E00F3C21A /* AbsenceRecorder.app */ = {isa = PBXFileReference; explicitFileType = wrapper.application; includeInIndex = 0; path = AbsenceRecorder.app; sourceTree = BUILT_PRODUCTS_DIR; };
		AFCC858E27AA086E00F3C21A /* AbsenceRecorderApp.swift */ = {isa = PBXFileReference; lastKnownFileType = sourcecode.swift; path = AbsenceRecorderApp.swift; sourceTree = "<group>"; };
		AFCC859027AA086E00F3C21A /* ContentView.swift */ = {isa = PBXFileReference; lastKnownFileType = sourcecode.swift; path = ContentView.swift; sourceTree = "<group>"; };
		AFCC859227AA087500F3C21A /* Assets.xcassets */ = {isa = PBXFileReference; lastKnownFileType = folder.assetcatalog; path = Assets.xcassets; sourceTree = "<group>"; };
		AFCC859527AA087500F3C21A /* Preview Assets.xcassets */ = {isa = PBXFileReference; lastKnownFileType = folder.assetcatalog; path = "Preview Assets.xcassets"; sourceTree = "<group>"; };
		AFCC859B27AA087600F3C21A /* AbsenceRecorderTests.xctest */ = {isa = PBXFileReference; explicitFileType = wrapper.cfbundle; includeInIndex = 0; path = AbsenceRecorderTests.xctest; sourceTree = BUILT_PRODUCTS_DIR; };
		AFCC859F27AA087600F3C21A /* AbsenceRecorderTests.swift */ = {isa = PBXFileReference; lastKnownFileType = sourcecode.swift; path = AbsenceRecorderTests.swift; sourceTree = "<group>"; };
		AFCC85A527AA087600F3C21A /* AbsenceRecorderUITests.xctest */ = {isa = PBXFileReference; explicitFileType = wrapper.cfbundle; includeInIndex = 0; path = AbsenceRecorderUITests.xctest; sourceTree = BUILT_PRODUCTS_DIR; };
		AFCC85A927AA087600F3C21A /* AbsenceRecorderUITests.swift */ = {isa = PBXFileReference; lastKnownFileType = sourcecode.swift; path = AbsenceRecorderUITests.swift; sourceTree = "<group>"; };
		AFCC85AB27AA087600F3C21A /* AbsenceRecorderUITestsLaunchTests.swift */ = {isa = PBXFileReference; lastKnownFileType = sourcecode.swift; path = AbsenceRecorderUITestsLaunchTests.swift; sourceTree = "<group>"; };
		AFCC85BA27AA0D1000F3C21A /* Student.swift */ = {isa = PBXFileReference; lastKnownFileType = sourcecode.swift; path = Student.swift; sourceTree = "<group>"; };
		AFCC85BC27AA0DD000F3C21A /* DivisionItem.swift */ = {isa = PBXFileReference; lastKnownFileType = sourcecode.swift; path = DivisionItem.swift; sourceTree = "<group>"; };
		AFCC85BE27AA0E0F00F3C21A /* Division.swift */ = {isa = PBXFileReference; lastKnownFileType = sourcecode.swift; path = Division.swift; sourceTree = "<group>"; };
		AFCC85C427AA106600F3C21A /* Date.swift */ = {isa = PBXFileReference; lastKnownFileType = sourcecode.swift; path = Date.swift; sourceTree = "<group>"; };
/* End PBXFileReference section */

/* Begin PBXFrameworksBuildPhase section */
		AFCC858827AA086E00F3C21A /* Frameworks */ = {
			isa = PBXFrameworksBuildPhase;
			buildActionMask = 2147483647;
			files = (
			);
			runOnlyForDeploymentPostprocessing = 0;
		};
		AFCC859827AA087600F3C21A /* Frameworks */ = {
			isa = PBXFrameworksBuildPhase;
			buildActionMask = 2147483647;
			files = (
			);
			runOnlyForDeploymentPostprocessing = 0;
		};
		AFCC85A227AA087600F3C21A /* Frameworks */ = {
			isa = PBXFrameworksBuildPhase;
			buildActionMask = 2147483647;
			files = (
			);
			runOnlyForDeploymentPostprocessing = 0;
		};
/* End PBXFrameworksBuildPhase section */

/* Begin PBXGroup section */
		AFCC858227AA086D00F3C21A = {
			isa = PBXGroup;
			children = (
				AFCC858D27AA086E00F3C21A /* AbsenceRecorder */,
				AFCC859E27AA087600F3C21A /* AbsenceRecorderTests */,
				AFCC85A827AA087600F3C21A /* AbsenceRecorderUITests */,
				AFCC858C27AA086E00F3C21A /* Products */,
			);
			sourceTree = "<group>";
		};
		AFCC858C27AA086E00F3C21A /* Products */ = {
			isa = PBXGroup;
			children = (
				AFCC858B27AA086E00F3C21A /* AbsenceRecorder.app */,
				AFCC859B27AA087600F3C21A /* AbsenceRecorderTests.xctest */,
				AFCC85A527AA087600F3C21A /* AbsenceRecorderUITests.xctest */,
			);
			name = Products;
			sourceTree = "<group>";
		};
		AFCC858D27AA086E00F3C21A /* AbsenceRecorder */ = {
			isa = PBXGroup;
			children = (
				AFCC85C327AA105300F3C21A /* Extensions */,
				AFCC85B927AA0CE500F3C21A /* View */,
				AFCC85B827AA0CDC00F3C21A /* Model */,
				AFCC859227AA087500F3C21A /* Assets.xcassets */,
				AFCC859427AA087500F3C21A /* Preview Content */,
			);
			path = AbsenceRecorder;
			sourceTree = "<group>";
		};
		AFCC859427AA087500F3C21A /* Preview Content */ = {
			isa = PBXGroup;
			children = (
				AFCC859527AA087500F3C21A /* Preview Assets.xcassets */,
			);
			path = "Preview Content";
			sourceTree = "<group>";
		};
		AFCC859E27AA087600F3C21A /* AbsenceRecorderTests */ = {
			isa = PBXGroup;
			children = (
				AFCC859F27AA087600F3C21A /* AbsenceRecorderTests.swift */,
			);
			path = AbsenceRecorderTests;
			sourceTree = "<group>";
		};
		AFCC85A827AA087600F3C21A /* AbsenceRecorderUITests */ = {
			isa = PBXGroup;
			children = (
				AFCC85A927AA087600F3C21A /* AbsenceRecorderUITests.swift */,
				AFCC85AB27AA087600F3C21A /* AbsenceRecorderUITestsLaunchTests.swift */,
			);
			path = AbsenceRecorderUITests;
			sourceTree = "<group>";
		};
		AFCC85B827AA0CDC00F3C21A /* Model */ = {
			isa = PBXGroup;
			children = (
				AFCC858E27AA086E00F3C21A /* AbsenceRecorderApp.swift */,
				AFCC85BA27AA0D1000F3C21A /* Student.swift */,
				AFCC85BE27AA0E0F00F3C21A /* Division.swift */,
			);
			path = Model;
			sourceTree = "<group>";
		};
		AFCC85B927AA0CE500F3C21A /* View */ = {
			isa = PBXGroup;
			children = (
				AFCC859027AA086E00F3C21A /* ContentView.swift */,
				AFCC85BC27AA0DD000F3C21A /* DivisionItem.swift */,
			);
			path = View;
			sourceTree = "<group>";
		};
		AFCC85C327AA105300F3C21A /* Extensions */ = {
			isa = PBXGroup;
			children = (
				AFCC85C427AA106600F3C21A /* Date.swift */,
			);
			path = Extensions;
			sourceTree = "<group>";
		};
/* End PBXGroup section */

/* Begin PBXNativeTarget section */
		AFCC858A27AA086E00F3C21A /* AbsenceRecorder */ = {
			isa = PBXNativeTarget;
			buildConfigurationList = AFCC85AF27AA087600F3C21A /* Build configuration list for PBXNativeTarget "AbsenceRecorder" */;
			buildPhases = (
				AFCC858727AA086E00F3C21A /* Sources */,
				AFCC858827AA086E00F3C21A /* Frameworks */,
				AFCC858927AA086E00F3C21A /* Resources */,
			);
			buildRules = (
			);
			dependencies = (
			);
			name = AbsenceRecorder;
			productName = AbsenceRecorder;
			productReference = AFCC858B27AA086E00F3C21A /* AbsenceRecorder.app */;
			productType = "com.apple.product-type.application";
		};
		AFCC859A27AA087600F3C21A /* AbsenceRecorderTests */ = {
			isa = PBXNativeTarget;
			buildConfigurationList = AFCC85B227AA087600F3C21A /* Build configuration list for PBXNativeTarget "AbsenceRecorderTests" */;
			buildPhases = (
				AFCC859727AA087600F3C21A /* Sources */,
				AFCC859827AA087600F3C21A /* Frameworks */,
				AFCC859927AA087600F3C21A /* Resources */,
			);
			buildRules = (
			);
			dependencies = (
				AFCC859D27AA087600F3C21A /* PBXTargetDependency */,
			);
			name = AbsenceRecorderTests;
			productName = AbsenceRecorderTests;
			productReference = AFCC859B27AA087600F3C21A /* AbsenceRecorderTests.xctest */;
			productType = "com.apple.product-type.bundle.unit-test";
		};
		AFCC85A427AA087600F3C21A /* AbsenceRecorderUITests */ = {
			isa = PBXNativeTarget;
			buildConfigurationList = AFCC85B527AA087600F3C21A /* Build configuration list for PBXNativeTarget "AbsenceRecorderUITests" */;
			buildPhases = (
				AFCC85A127AA087600F3C21A /* Sources */,
				AFCC85A227AA087600F3C21A /* Frameworks */,
				AFCC85A327AA087600F3C21A /* Resources */,
			);
			buildRules = (
			);
			dependencies = (
				AFCC85A727AA087600F3C21A /* PBXTargetDependency */,
			);
			name = AbsenceRecorderUITests;
			productName = AbsenceRecorderUITests;
			productReference = AFCC85A527AA087600F3C21A /* AbsenceRecorderUITests.xctest */;
			productType = "com.apple.product-type.bundle.ui-testing";
		};
/* End PBXNativeTarget section */

/* Begin PBXProject section */
		AFCC858327AA086E00F3C21A /* Project object */ = {
			isa = PBXProject;
			attributes = {
				BuildIndependentTargetsInParallel = 1;
				LastSwiftUpdateCheck = 1310;
				LastUpgradeCheck = 1310;
				TargetAttributes = {
					AFCC858A27AA086E00F3C21A = {
						CreatedOnToolsVersion = 13.1;
					};
					AFCC859A27AA087600F3C21A = {
						CreatedOnToolsVersion = 13.1;
						TestTargetID = AFCC858A27AA086E00F3C21A;
					};
					AFCC85A427AA087600F3C21A = {
						CreatedOnToolsVersion = 13.1;
						TestTargetID = AFCC858A27AA086E00F3C21A;
					};
				};
			};
			buildConfigurationList = AFCC858627AA086E00F3C21A /* Build configuration list for PBXProject "AbsenceRecorder" */;
			compatibilityVersion = "Xcode 13.0";
			developmentRegion = en;
			hasScannedForEncodings = 0;
			knownRegions = (
				en,
				Base,
			);
			mainGroup = AFCC858227AA086D00F3C21A;
			productRefGroup = AFCC858C27AA086E00F3C21A /* Products */;
			projectDirPath = "";
			projectRoot = "";
			targets = (
				AFCC858A27AA086E00F3C21A /* AbsenceRecorder */,
				AFCC859A27AA087600F3C21A /* AbsenceRecorderTests */,
				AFCC85A427AA087600F3C21A /* AbsenceRecorderUITests */,
			);
		};
/* End PBXProject section */

/* Begin PBXResourcesBuildPhase section */
		AFCC858927AA086E00F3C21A /* Resources */ = {
			isa = PBXResourcesBuildPhase;
			buildActionMask = 2147483647;
			files = (
				AFCC859627AA087500F3C21A /* Preview Assets.xcassets in Resources */,
				AFCC859327AA087500F3C21A /* Assets.xcassets in Resources */,
			);
			runOnlyForDeploymentPostprocessing = 0;
		};
		AFCC859927AA087600F3C21A /* Resources */ = {
			isa = PBXResourcesBuildPhase;
			buildActionMask = 2147483647;
			files = (
			);
			runOnlyForDeploymentPostprocessing = 0;
		};
		AFCC85A327AA087600F3C21A /* Resources */ = {
			isa = PBXResourcesBuildPhase;
			buildActionMask = 2147483647;
			files = (
			);
			runOnlyForDeploymentPostprocessing = 0;
		};
/* End PBXResourcesBuildPhase section */

/* Begin PBXSourcesBuildPhase section */
		AFCC858727AA086E00F3C21A /* Sources */ = {
			isa = PBXSourcesBuildPhase;
			buildActionMask = 2147483647;
			files = (
				AFCC859127AA086E00F3C21A /* ContentView.swift in Sources */,
				AFCC85C527AA106600F3C21A /* Date.swift in Sources */,
				AFCC85BD27AA0DD000F3C21A /* DivisionItem.swift in Sources */,
				AFCC85BF27AA0E0F00F3C21A /* Division.swift in Sources */,
				AFCC85BB27AA0D1000F3C21A /* Student.swift in Sources */,
				AFCC858F27AA086E00F3C21A /* AbsenceRecorderApp.swift in Sources */,
			);
			runOnlyForDeploymentPostprocessing = 0;
		};
		AFCC859727AA087600F3C21A /* Sources */ = {
			isa = PBXSourcesBuildPhase;
			buildActionMask = 2147483647;
			files = (
				AFCC85A027AA087600F3C21A /* AbsenceRecorderTests.swift in Sources */,
			);
			runOnlyForDeploymentPostprocessing = 0;
		};
		AFCC85A127AA087600F3C21A /* Sources */ = {
			isa = PBXSourcesBuildPhase;
			buildActionMask = 2147483647;
			files = (
				AFCC85AC27AA087600F3C21A /* AbsenceRecorderUITestsLaunchTests.swift in Sources */,
				AFCC85AA27AA087600F3C21A /* AbsenceRecorderUITests.swift in Sources */,
			);
			runOnlyForDeploymentPostprocessing = 0;
		};
/* End PBXSourcesBuildPhase section */

/* Begin PBXTargetDependency section */
		AFCC859D27AA087600F3C21A /* PBXTargetDependency */ = {
			isa = PBXTargetDependency;
			target = AFCC858A27AA086E00F3C21A /* AbsenceRecorder */;
			targetProxy = AFCC859C27AA087600F3C21A /* PBXContainerItemProxy */;
		};
		AFCC85A727AA087600F3C21A /* PBXTargetDependency */ = {
			isa = PBXTargetDependency;
			target = AFCC858A27AA086E00F3C21A /* AbsenceRecorder */;
			targetProxy = AFCC85A627AA087600F3C21A /* PBXContainerItemProxy */;
		};
/* End PBXTargetDependency section */

/* Begin XCBuildConfiguration section */
		AFCC85AD27AA087600F3C21A /* Debug */ = {
			isa = XCBuildConfiguration;
			buildSettings = {
				ALWAYS_SEARCH_USER_PATHS = NO;
				CLANG_ANALYZER_NONNULL = YES;
				CLANG_ANALYZER_NUMBER_OBJECT_CONVERSION = YES_AGGRESSIVE;
				CLANG_CXX_LANGUAGE_STANDARD = "gnu++17";
				CLANG_CXX_LIBRARY = "libc++";
				CLANG_ENABLE_MODULES = YES;
				CLANG_ENABLE_OBJC_ARC = YES;
				CLANG_ENABLE_OBJC_WEAK = YES;
				CLANG_WARN_BLOCK_CAPTURE_AUTORELEASING = YES;
				CLANG_WARN_BOOL_CONVERSION = YES;
				CLANG_WARN_COMMA = YES;
				CLANG_WARN_CONSTANT_CONVERSION = YES;
				CLANG_WARN_DEPRECATED_OBJC_IMPLEMENTATIONS = YES;
				CLANG_WARN_DIRECT_OBJC_ISA_USAGE = YES_ERROR;
				CLANG_WARN_DOCUMENTATION_COMMENTS = YES;
				CLANG_WARN_EMPTY_BODY = YES;
				CLANG_WARN_ENUM_CONVERSION = YES;
				CLANG_WARN_INFINITE_RECURSION = YES;
				CLANG_WARN_INT_CONVERSION = YES;
				CLANG_WARN_NON_LITERAL_NULL_CONVERSION = YES;
				CLANG_WARN_OBJC_IMPLICIT_RETAIN_SELF = YES;
				CLANG_WARN_OBJC_LITERAL_CONVERSION = YES;
				CLANG_WARN_OBJC_ROOT_CLASS = YES_ERROR;
				CLANG_WARN_QUOTED_INCLUDE_IN_FRAMEWORK_HEADER = YES;
				CLANG_WARN_RANGE_LOOP_ANALYSIS = YES;
				CLANG_WARN_STRICT_PROTOTYPES = YES;
				CLANG_WARN_SUSPICIOUS_MOVE = YES;
				CLANG_WARN_UNGUARDED_AVAILABILITY = YES_AGGRESSIVE;
				CLANG_WARN_UNREACHABLE_CODE = YES;
				CLANG_WARN__DUPLICATE_METHOD_MATCH = YES;
				COPY_PHASE_STRIP = NO;
				DEBUG_INFORMATION_FORMAT = dwarf;
				ENABLE_STRICT_OBJC_MSGSEND = YES;
				ENABLE_TESTABILITY = YES;
				GCC_C_LANGUAGE_STANDARD = gnu11;
				GCC_DYNAMIC_NO_PIC = NO;
				GCC_NO_COMMON_BLOCKS = YES;
				GCC_OPTIMIZATION_LEVEL = 0;
				GCC_PREPROCESSOR_DEFINITIONS = (
					"DEBUG=1",
					"$(inherited)",
				);
				GCC_WARN_64_TO_32_BIT_CONVERSION = YES;
				GCC_WARN_ABOUT_RETURN_TYPE = YES_ERROR;
				GCC_WARN_UNDECLARED_SELECTOR = YES;
				GCC_WARN_UNINITIALIZED_AUTOS = YES_AGGRESSIVE;
				GCC_WARN_UNUSED_FUNCTION = YES;
				GCC_WARN_UNUSED_VARIABLE = YES;
				IPHONEOS_DEPLOYMENT_TARGET = 15.0;
				MTL_ENABLE_DEBUG_INFO = INCLUDE_SOURCE;
				MTL_FAST_MATH = YES;
				ONLY_ACTIVE_ARCH = YES;
				SDKROOT = iphoneos;
				SWIFT_ACTIVE_COMPILATION_CONDITIONS = DEBUG;
				SWIFT_OPTIMIZATION_LEVEL = "-Onone";
			};
			name = Debug;
		};
		AFCC85AE27AA087600F3C21A /* Release */ = {
			isa = XCBuildConfiguration;
			buildSettings = {
				ALWAYS_SEARCH_USER_PATHS = NO;
				CLANG_ANALYZER_NONNULL = YES;
				CLANG_ANALYZER_NUMBER_OBJECT_CONVERSION = YES_AGGRESSIVE;
				CLANG_CXX_LANGUAGE_STANDARD = "gnu++17";
				CLANG_CXX_LIBRARY = "libc++";
				CLANG_ENABLE_MODULES = YES;
				CLANG_ENABLE_OBJC_ARC = YES;
				CLANG_ENABLE_OBJC_WEAK = YES;
				CLANG_WARN_BLOCK_CAPTURE_AUTORELEASING = YES;
				CLANG_WARN_BOOL_CONVERSION = YES;
				CLANG_WARN_COMMA = YES;
				CLANG_WARN_CONSTANT_CONVERSION = YES;
				CLANG_WARN_DEPRECATED_OBJC_IMPLEMENTATIONS = YES;
				CLANG_WARN_DIRECT_OBJC_ISA_USAGE = YES_ERROR;
				CLANG_WARN_DOCUMENTATION_COMMENTS = YES;
				CLANG_WARN_EMPTY_BODY = YES;
				CLANG_WARN_ENUM_CONVERSION = YES;
				CLANG_WARN_INFINITE_RECURSION = YES;
				CLANG_WARN_INT_CONVERSION = YES;
				CLANG_WARN_NON_LITERAL_NULL_CONVERSION = YES;
				CLANG_WARN_OBJC_IMPLICIT_RETAIN_SELF = YES;
				CLANG_WARN_OBJC_LITERAL_CONVERSION = YES;
				CLANG_WARN_OBJC_ROOT_CLASS = YES_ERROR;
				CLANG_WARN_QUOTED_INCLUDE_IN_FRAMEWORK_HEADER = YES;
				CLANG_WARN_RANGE_LOOP_ANALYSIS = YES;
				CLANG_WARN_STRICT_PROTOTYPES = YES;
				CLANG_WARN_SUSPICIOUS_MOVE = YES;
				CLANG_WARN_UNGUARDED_AVAILABILITY = YES_AGGRESSIVE;
				CLANG_WARN_UNREACHABLE_CODE = YES;
				CLANG_WARN__DUPLICATE_METHOD_MATCH = YES;
				COPY_PHASE_STRIP = NO;
				DEBUG_INFORMATION_FORMAT = "dwarf-with-dsym";
				ENABLE_NS_ASSERTIONS = NO;
				ENABLE_STRICT_OBJC_MSGSEND = YES;
				GCC_C_LANGUAGE_STANDARD = gnu11;
				GCC_NO_COMMON_BLOCKS = YES;
				GCC_WARN_64_TO_32_BIT_CONVERSION = YES;
				GCC_WARN_ABOUT_RETURN_TYPE = YES_ERROR;
				GCC_WARN_UNDECLARED_SELECTOR = YES;
				GCC_WARN_UNINITIALIZED_AUTOS = YES_AGGRESSIVE;
				GCC_WARN_UNUSED_FUNCTION = YES;
				GCC_WARN_UNUSED_VARIABLE = YES;
				IPHONEOS_DEPLOYMENT_TARGET = 15.0;
				MTL_ENABLE_DEBUG_INFO = NO;
				MTL_FAST_MATH = YES;
				SDKROOT = iphoneos;
				SWIFT_COMPILATION_MODE = wholemodule;
				SWIFT_OPTIMIZATION_LEVEL = "-O";
				VALIDATE_PRODUCT = YES;
			};
			name = Release;
		};
		AFCC85B027AA087600F3C21A /* Debug */ = {
			isa = XCBuildConfiguration;
			buildSettings = {
				ASSETCATALOG_COMPILER_APPICON_NAME = AppIcon;
				ASSETCATALOG_COMPILER_GLOBAL_ACCENT_COLOR_NAME = AccentColor;
				CODE_SIGN_STYLE = Automatic;
				CURRENT_PROJECT_VERSION = 1;
				DEVELOPMENT_ASSET_PATHS = "\"AbsenceRecorder/Preview Content\"";
				ENABLE_PREVIEWS = YES;
				GENERATE_INFOPLIST_FILE = YES;
				INFOPLIST_KEY_UIApplicationSceneManifest_Generation = YES;
				INFOPLIST_KEY_UIApplicationSupportsIndirectInputEvents = YES;
				INFOPLIST_KEY_UILaunchScreen_Generation = YES;
				INFOPLIST_KEY_UISupportedInterfaceOrientations_iPad = "UIInterfaceOrientationPortrait UIInterfaceOrientationPortraitUpsideDown UIInterfaceOrientationLandscapeLeft UIInterfaceOrientationLandscapeRight";
				INFOPLIST_KEY_UISupportedInterfaceOrientations_iPhone = "UIInterfaceOrientationPortrait UIInterfaceOrientationLandscapeLeft UIInterfaceOrientationLandscapeRight";
				LD_RUNPATH_SEARCH_PATHS = (
					"$(inherited)",
					"@executable_path/Frameworks",
				);
				MARKETING_VERSION = 1.0;
				PRODUCT_BUNDLE_IDENTIFIER = com.ClydeLartey97.AbsenceRecorder;
				PRODUCT_NAME = "$(TARGET_NAME)";
				SWIFT_EMIT_LOC_STRINGS = YES;
				SWIFT_VERSION = 5.0;
				TARGETED_DEVICE_FAMILY = "1,2";
			};
			name = Debug;
		};
		AFCC85B127AA087600F3C21A /* Release */ = {
			isa = XCBuildConfiguration;
			buildSettings = {
				ASSETCATALOG_COMPILER_APPICON_NAME = AppIcon;
				ASSETCATALOG_COMPILER_GLOBAL_ACCENT_COLOR_NAME = AccentColor;
				CODE_SIGN_STYLE = Automatic;
				CURRENT_PROJECT_VERSION = 1;
				DEVELOPMENT_ASSET_PATHS = "\"AbsenceRecorder/Preview Content\"";
				ENABLE_PREVIEWS = YES;
				GENERATE_INFOPLIST_FILE = YES;
				INFOPLIST_KEY_UIApplicationSceneManifest_Generation = YES;
				INFOPLIST_KEY_UIApplicationSupportsIndirectInputEvents = YES;
				INFOPLIST_KEY_UILaunchScreen_Generation = YES;
				INFOPLIST_KEY_UISupportedInterfaceOrientations_iPad = "UIInterfaceOrientationPortrait UIInterfaceOrientationPortraitUpsideDown UIInterfaceOrientationLandscapeLeft UIInterfaceOrientationLandscapeRight";
				INFOPLIST_KEY_UISupportedInterfaceOrientations_iPhone = "UIInterfaceOrientationPortrait UIInterfaceOrientationLandscapeLeft UIInterfaceOrientationLandscapeRight";
				LD_RUNPATH_SEARCH_PATHS = (
					"$(inherited)",
					"@executable_path/Frameworks",
				);
				MARKETING_VERSION = 1.0;
				PRODUCT_BUNDLE_IDENTIFIER = com.ClydeLartey97.AbsenceRecorder;
				PRODUCT_NAME = "$(TARGET_NAME)";
				SWIFT_EMIT_LOC_STRINGS = YES;
				SWIFT_VERSION = 5.0;
				TARGETED_DEVICE_FAMILY = "1,2";
			};
			name = Release;
		};
		AFCC85B327AA087600F3C21A /* Debug */ = {
			isa = XCBuildConfiguration;
			buildSettings = {
				ALWAYS_EMBED_SWIFT_STANDARD_LIBRARIES = YES;
				BUNDLE_LOADER = "$(TEST_HOST)";
				CODE_SIGN_STYLE = Automatic;
				CURRENT_PROJECT_VERSION = 1;
				GENERATE_INFOPLIST_FILE = YES;
				IPHONEOS_DEPLOYMENT_TARGET = 15.0;
				LD_RUNPATH_SEARCH_PATHS = (
					"$(inherited)",
					"@executable_path/Frameworks",
					"@loader_path/Frameworks",
				);
				MARKETING_VERSION = 1.0;
				PRODUCT_BUNDLE_IDENTIFIER = com.ClydeLartey97.AbsenceRecorderTests;
				PRODUCT_NAME = "$(TARGET_NAME)";
				SWIFT_EMIT_LOC_STRINGS = NO;
				SWIFT_VERSION = 5.0;
				TARGETED_DEVICE_FAMILY = "1,2";
				TEST_HOST = "$(BUILT_PRODUCTS_DIR)/AbsenceRecorder.app/AbsenceRecorder";
			};
			name = Debug;
		};
		AFCC85B427AA087600F3C21A /* Release */ = {
			isa = XCBuildConfiguration;
			buildSettings = {
				ALWAYS_EMBED_SWIFT_STANDARD_LIBRARIES = YES;
				BUNDLE_LOADER = "$(TEST_HOST)";
				CODE_SIGN_STYLE = Automatic;
				CURRENT_PROJECT_VERSION = 1;
				GENERATE_INFOPLIST_FILE = YES;
				IPHONEOS_DEPLOYMENT_TARGET = 15.0;
				LD_RUNPATH_SEARCH_PATHS = (
					"$(inherited)",
					"@executable_path/Frameworks",
					"@loader_path/Frameworks",
				);
				MARKETING_VERSION = 1.0;
				PRODUCT_BUNDLE_IDENTIFIER = com.ClydeLartey97.AbsenceRecorderTests;
				PRODUCT_NAME = "$(TARGET_NAME)";
				SWIFT_EMIT_LOC_STRINGS = NO;
				SWIFT_VERSION = 5.0;
				TARGETED_DEVICE_FAMILY = "1,2";
				TEST_HOST = "$(BUILT_PRODUCTS_DIR)/AbsenceRecorder.app/AbsenceRecorder";
			};
			name = Release;
		};
		AFCC85B627AA087600F3C21A /* Debug */ = {
			isa = XCBuildConfiguration;
			buildSettings = {
				ALWAYS_EMBED_SWIFT_STANDARD_LIBRARIES = YES;
				CODE_SIGN_STYLE = Automatic;
				CURRENT_PROJECT_VERSION = 1;
				GENERATE_INFOPLIST_FILE = YES;
				LD_RUNPATH_SEARCH_PATHS = (
					"$(inherited)",
					"@executable_path/Frameworks",
					"@loader_path/Frameworks",
				);
				MARKETING_VERSION = 1.0;
				PRODUCT_BUNDLE_IDENTIFIER = com.ClydeLartey97.AbsenceRecorderUITests;
				PRODUCT_NAME = "$(TARGET_NAME)";
				SWIFT_EMIT_LOC_STRINGS = NO;
				SWIFT_VERSION = 5.0;
				TARGETED_DEVICE_FAMILY = "1,2";
				TEST_TARGET_NAME = AbsenceRecorder;
			};
			name = Debug;
		};
		AFCC85B727AA087600F3C21A /* Release */ = {
			isa = XCBuildConfiguration;
			buildSettings = {
				ALWAYS_EMBED_SWIFT_STANDARD_LIBRARIES = YES;
				CODE_SIGN_STYLE = Automatic;
				CURRENT_PROJECT_VERSION = 1;
				GENERATE_INFOPLIST_FILE = YES;
				LD_RUNPATH_SEARCH_PATHS = (
					"$(inherited)",
					"@executable_path/Frameworks",
					"@loader_path/Frameworks",
				);
				MARKETING_VERSION = 1.0;
				PRODUCT_BUNDLE_IDENTIFIER = com.ClydeLartey97.AbsenceRecorderUITests;
				PRODUCT_NAME = "$(TARGET_NAME)";
				SWIFT_EMIT_LOC_STRINGS = NO;
				SWIFT_VERSION = 5.0;
				TARGETED_DEVICE_FAMILY = "1,2";
				TEST_TARGET_NAME = AbsenceRecorder;
			};
			name = Release;
		};
/* End XCBuildConfiguration section */

/* Begin XCConfigurationList section */
		AFCC858627AA086E00F3C21A /* Build configuration list for PBXProject "AbsenceRecorder" */ = {
			isa = XCConfigurationList;
			buildConfigurations = (
				AFCC85AD27AA087600F3C21A /* Debug */,
				AFCC85AE27AA087600F3C21A /* Release */,
			);
			defaultConfigurationIsVisible = 0;
			defaultConfigurationName = Release;
		};
		AFCC85AF27AA087600F3C21A /* Build configuration list for PBXNativeTarget "AbsenceRecorder" */ = {
			isa = XCConfigurationList;
			buildConfigurations = (
				AFCC85B027AA087600F3C21A /* Debug */,
				AFCC85B127AA087600F3C21A /* Release */,
			);
			defaultConfigurationIsVisible = 0;
			defaultConfigurationName = Release;
		};
		AFCC85B227AA087600F3C21A /* Build configuration list for PBXNativeTarget "AbsenceRecorderTests" */ = {
			isa = XCConfigurationList;
			buildConfigurations = (
				AFCC85B327AA087600F3C21A /* Debug */,
				AFCC85B427AA087600F3C21A /* Release */,
			);
			defaultConfigurationIsVisible = 0;
			defaultConfigurationName = Release;
		};
		AFCC85B527AA087600F3C21A /* Build configuration list for PBXNativeTarget "AbsenceRecorderUITests" */ = {
			isa = XCConfigurationList;
			buildConfigurations = (
				AFCC85B627AA087600F3C21A /* Debug */,
				AFCC85B727AA087600F3C21A /* Release */,
			);
			defaultConfigurationIsVisible = 0;
			defaultConfigurationName = Release;
		};
/* End XCConfigurationList section */
	};
	rootObject = AFCC858327AA086E00F3C21A /* Project object */;
}
